
Microsoft Visual Studio Solution File, Format Version 12.00
# Visual Studio 15
VisualStudioVersion = 15.0.27004.2008
MinimumVisualStudioVersion = 10.0.40219.1
Project("{FAE04EC0-301F-11D3-BF4B-00C04F79EFBC}") = "learn.bbs.web", "learn.bbs.web\learn.bbs.web.csproj", "{D2F6B6A3-58A1-426B-8177-D721B46E6E2C}"
EndProject
Project("{FAE04EC0-301F-11D3-BF4B-00C04F79EFBC}") = "learn.bbs.bl", "learn.bbs.bl\learn.bbs.bl.csproj", "{50FEC290-32C2-4DB6-98E2-42E87DE972F3}"
EndProject
Project("{FAE04EC0-301F-11D3-BF4B-00C04F79EFBC}") = "learn.bbs.dal", "learn.bbs.dal\learn.bbs.dal.csproj", "{DD31CC98-541F-40D9-96B3-B134E9FA1965}"
EndProject
Project("{FAE04EC0-301F-11D3-BF4B-00C04F79EFBC}") = "learn.model", "learn.model\learn.model.csproj", "{14A73186-1F8F-4344-BB3E-F8FC5E5E5FAB}"
EndProject
Project("{FAE04EC0-301F-11D3-BF4B-00C04F79EFBC}") = "learn.bbs.utility", "learn.bbs.utility\learn.bbs.utility.csproj", "{B2DD500C-CC5F-483B-98D0-B09F22022F66}"
EndProject
Global
	GlobalSection(SolutionConfigurationPlatforms) = preSolution
		Debug|Any CPU = Debug|Any CPU
		Release|Any CPU = Release|Any CPU
	EndGlobalSection
	GlobalSection(ProjectConfigurationPlatforms) = postSolution
		{D2F6B6A3-58A1-426B-8177-D721B46E6E2C}.Debug|Any CPU.ActiveCfg = Debug|Any CPU
		{D2F6B6A3-58A1-426B-8177-D721B46E6E2C}.Debug|Any CPU.Build.0 = Debug|Any CPU
		{D2F6B6A3-58A1-426B-8177-D721B46E6E2C}.Release|Any CPU.ActiveCfg = Release|Any CPU
		{D2F6B6A3-58A1-426B-8177-D721B46E6E2C}.Release|Any CPU.Build.0 = Release|Any CPU
		{50FEC290-32C2-4DB6-98E2-42E87DE972F3}.Debug|Any CPU.ActiveCfg = Debug|Any CPU
		{50FEC290-32C2-4DB6-98E2-42E87DE972F3}.Debug|Any CPU.Build.0 = Debug|Any CPU
		{50FEC290-32C2-4DB6-98E2-42E87DE972F3}.Release|Any CPU.ActiveCfg = Release|Any CPU
		{50FEC290-32C2-4DB6-98E2-42E87DE972F3}.Release|Any CPU.Build.0 = Release|Any CPU
		{DD31CC98-541F-40D9-96B3-B134E9FA1965}.Debug|Any CPU.ActiveCfg = Debug|Any CPU
		{DD31CC98-541F-40D9-96B3-B134E9FA1965}.Debug|Any CPU.Build.0 = Debug|Any CPU
		{DD31CC98-541F-40D9-96B3-B134E9FA1965}.Release|Any CPU.ActiveCfg = Release|Any CPU
		{DD31CC98-541F-40D9-96B3-B134E9FA1965}.Release|Any CPU.Build.0 = Release|Any CPU
		{14A73186-1F8F-4344-BB3E-F8FC5E5E5FAB}.Debug|Any CPU.ActiveCfg = Debug|Any CPU
		{14A73186-1F8F-4344-BB3E-F8FC5E5E5FAB}.Debug|Any CPU.Build.0 = Debug|Any CPU
		{14A73186-1F8F-4344-BB3E-F8FC5E5E5FAB}.Release|Any CPU.ActiveCfg = Release|Any CPU
		{14A73186-1F8F-4344-BB3E-F8FC5E5E5FAB}.Release|Any CPU.Build.0 = Release|Any CPU
		{B2DD500C-CC5F-483B-98D0-B09F22022F66}.Debug|Any CPU.ActiveCfg = Debug|Any CPU
		{B2DD500C-CC5F-483B-98D0-B09F22022F66}.Debug|Any CPU.Build.0 = Debug|Any CPU
		{B2DD500C-CC5F-483B-98D0-B09F22022F66}.Release|Any CPU.ActiveCfg = Release|Any CPU
		{B2DD500C-CC5F-483B-98D0-B09F22022F66}.Release|Any CPU.Build.0 = Release|Any CPU
	EndGlobalSection
	GlobalSection(SolutionProperties) = preSolution
		HideSolutionNode = FALSE
	EndGlobalSection
	GlobalSection(ExtensibilityGlobals) = postSolution
		SolutionGuid = {405CD89C-BCC6-451A-91B1-813A08269169}
	EndGlobalSection
EndGlobal
